
Microsoft Visual Studio Solution File, Format Version 11.00
# Visual Studio 2010
Project("{2150E333-8FDC-42A3-9474-1A3956D46DE8}") = "Practices", "Practices", "{0699F17A-4FFB-4A25-A6CD-D8EF941E9F0B}"
EndProject
Project("{2150E333-8FDC-42A3-9474-1A3956D46DE8}") = "Integrations", "Integrations", "{A2518CF9-C60B-4CEC-B437-35A4778A2F97}"
EndProject
Project("{FAE04EC0-301F-11D3-BF4B-00C04F79EFBC}") = "Contoso.Web.Integrate", "src\Integrations\Contoso.Web.Integrate\Contoso.Web.Integrate.csproj", "{7A0AC57E-1634-4E9E-B06B-670C3AA953ED}"
EndProject
Project("{FAE04EC0-301F-11D3-BF4B-00C04F79EFBC}") = "Contoso.Practices.FatPipe", "src\Practices\Contoso.Practices.FatPipe\Contoso.Practices.FatPipe.csproj", "{59BA917B-1FB1-4460-9A05-63E2D48ADBC0}"
EndProject
Project("{2150E333-8FDC-42A3-9474-1A3956D46DE8}") = "Custom", "Custom", "{1B3CA06D-4731-46D6-87BF-9ABBC6531D7A}"
EndProject
Project("{FAE04EC0-301F-11D3-BF4B-00C04F79EFBC}") = "DEG.Web", "src\Custom\DEG.Web\DEG.Web.csproj", "{B1A52179-60BB-433C-B484-CC5ABF3FF8F0}"
EndProject
Project("{FAE04EC0-301F-11D3-BF4B-00C04F79EFBC}") = "System.Web.Mvc2Ex", "src\System.Web.Mvc2Ex\System.Web.Mvc2Ex.csproj", "{0B80789B-36BA-4AB9-8C43-94FC4A3B536E}"
EndProject
Project("{FAE04EC0-301F-11D3-BF4B-00C04F79EFBC}") = "System.WebEx", "src\System.WebEx\System.WebEx.csproj", "{B00BAA8C-C9D5-407D-A922-E6B829370C6C}"
EndProject
Project("{FAE04EC0-301F-11D3-BF4B-00C04F79EFBC}") = "Contoso.Web.Integrate.Mvc2", "src\Integrations\Contoso.Web.Integrate.Mvc2\Contoso.Web.Integrate.Mvc2.csproj", "{1C2FD072-61D1-442F-93DA-E10541644C14}"
EndProject
Project("{FAE04EC0-301F-11D3-BF4B-00C04F79EFBC}") = "DEG.Web.Mvc2", "src\Custom\DEG.Web.Mvc2\DEG.Web.Mvc2.csproj", "{243F0762-77B9-467A-AF4F-09375CE3E134}"
EndProject
Project("{FAE04EC0-301F-11D3-BF4B-00C04F79EFBC}") = "System.Web.Mvc3Ex", "src\System.Web.Mvc3Ex\System.Web.Mvc3Ex.csproj", "{280147F3-912D-4D1E-9020-62859B3613DE}"
EndProject
Project("{FAE04EC0-301F-11D3-BF4B-00C04F79EFBC}") = "Contoso.Web.Integrate.Mvc3", "src\Integrations\Contoso.Web.Integrate.Mvc3\Contoso.Web.Integrate.Mvc3.csproj", "{1C2FD072-61D1-442F-93DA-E10541644C15}"
EndProject
Project("{FAE04EC0-301F-11D3-BF4B-00C04F79EFBC}") = "DEG.Web.Mvc3", "src\Custom\DEG.Web.Mvc3\DEG.Web.Mvc3.csproj", "{243F0762-77B9-467A-AF4F-09375CE3E136}"
EndProject
Project("{FAE04EC0-301F-11D3-BF4B-00C04F79EFBC}") = "Contoso.WebEx", "src\Contoso.WebEx\Contoso.WebEx.csproj", "{5C3A5F4A-4665-4F15-96B5-ECBC4183E4DD}"
EndProject
Project("{FAE04EC0-301F-11D3-BF4B-00C04F79EFBC}") = "System.WebEx.Tests", "src\System.WebEx.Tests\System.WebEx.Tests.csproj", "{16F78C09-8F78-482E-A546-A7F6D5FD5EA8}"
EndProject
Global
	GlobalSection(SolutionConfigurationPlatforms) = preSolution
		Debug.4|Any CPU = Debug.4|Any CPU
		Debug|Any CPU = Debug|Any CPU
		Release.4|Any CPU = Release.4|Any CPU
		Release|Any CPU = Release|Any CPU
	EndGlobalSection
	GlobalSection(ProjectConfigurationPlatforms) = postSolution
		{7A0AC57E-1634-4E9E-B06B-670C3AA953ED}.Debug.4|Any CPU.ActiveCfg = Debug.4|Any CPU
		{7A0AC57E-1634-4E9E-B06B-670C3AA953ED}.Debug.4|Any CPU.Build.0 = Debug.4|Any CPU
		{7A0AC57E-1634-4E9E-B06B-670C3AA953ED}.Debug|Any CPU.ActiveCfg = Debug|Any CPU
		{7A0AC57E-1634-4E9E-B06B-670C3AA953ED}.Debug|Any CPU.Build.0 = Debug|Any CPU
		{7A0AC57E-1634-4E9E-B06B-670C3AA953ED}.Release.4|Any CPU.ActiveCfg = Release.4|Any CPU
		{7A0AC57E-1634-4E9E-B06B-670C3AA953ED}.Release.4|Any CPU.Build.0 = Release.4|Any CPU
		{7A0AC57E-1634-4E9E-B06B-670C3AA953ED}.Release|Any CPU.ActiveCfg = Release|Any CPU
		{7A0AC57E-1634-4E9E-B06B-670C3AA953ED}.Release|Any CPU.Build.0 = Release|Any CPU
		{59BA917B-1FB1-4460-9A05-63E2D48ADBC0}.Debug.4|Any CPU.ActiveCfg = Debug.4|Any CPU
		{59BA917B-1FB1-4460-9A05-63E2D48ADBC0}.Debug.4|Any CPU.Build.0 = Debug.4|Any CPU
		{59BA917B-1FB1-4460-9A05-63E2D48ADBC0}.Debug|Any CPU.ActiveCfg = Debug|Any CPU
		{59BA917B-1FB1-4460-9A05-63E2D48ADBC0}.Debug|Any CPU.Build.0 = Debug|Any CPU
		{59BA917B-1FB1-4460-9A05-63E2D48ADBC0}.Release.4|Any CPU.ActiveCfg = Release.4|Any CPU
		{59BA917B-1FB1-4460-9A05-63E2D48ADBC0}.Release.4|Any CPU.Build.0 = Release.4|Any CPU
		{59BA917B-1FB1-4460-9A05-63E2D48ADBC0}.Release|Any CPU.ActiveCfg = Release|Any CPU
		{59BA917B-1FB1-4460-9A05-63E2D48ADBC0}.Release|Any CPU.Build.0 = Release|Any CPU
		{B1A52179-60BB-433C-B484-CC5ABF3FF8F0}.Debug.4|Any CPU.ActiveCfg = Debug.4|Any CPU
		{B1A52179-60BB-433C-B484-CC5ABF3FF8F0}.Debug.4|Any CPU.Build.0 = Debug.4|Any CPU
		{B1A52179-60BB-433C-B484-CC5ABF3FF8F0}.Debug|Any CPU.ActiveCfg = Debug|Any CPU
		{B1A52179-60BB-433C-B484-CC5ABF3FF8F0}.Debug|Any CPU.Build.0 = Debug|Any CPU
		{B1A52179-60BB-433C-B484-CC5ABF3FF8F0}.Release.4|Any CPU.ActiveCfg = Release.4|Any CPU
		{B1A52179-60BB-433C-B484-CC5ABF3FF8F0}.Release.4|Any CPU.Build.0 = Release.4|Any CPU
		{B1A52179-60BB-433C-B484-CC5ABF3FF8F0}.Release|Any CPU.ActiveCfg = Release|Any CPU
		{B1A52179-60BB-433C-B484-CC5ABF3FF8F0}.Release|Any CPU.Build.0 = Release|Any CPU
		{0B80789B-36BA-4AB9-8C43-94FC4A3B536E}.Debug.4|Any CPU.ActiveCfg = Debug.4|Any CPU
		{0B80789B-36BA-4AB9-8C43-94FC4A3B536E}.Debug.4|Any CPU.Build.0 = Debug.4|Any CPU
		{0B80789B-36BA-4AB9-8C43-94FC4A3B536E}.Debug|Any CPU.ActiveCfg = Debug|Any CPU
		{0B80789B-36BA-4AB9-8C43-94FC4A3B536E}.Debug|Any CPU.Build.0 = Debug|Any CPU
		{0B80789B-36BA-4AB9-8C43-94FC4A3B536E}.Release.4|Any CPU.ActiveCfg = Release.4|Any CPU
		{0B80789B-36BA-4AB9-8C43-94FC4A3B536E}.Release.4|Any CPU.Build.0 = Release.4|Any CPU
		{0B80789B-36BA-4AB9-8C43-94FC4A3B536E}.Release|Any CPU.ActiveCfg = Release|Any CPU
		{0B80789B-36BA-4AB9-8C43-94FC4A3B536E}.Release|Any CPU.Build.0 = Release|Any CPU
		{B00BAA8C-C9D5-407D-A922-E6B829370C6C}.Debug.4|Any CPU.ActiveCfg = Debug.4|Any CPU
		{B00BAA8C-C9D5-407D-A922-E6B829370C6C}.Debug.4|Any CPU.Build.0 = Debug.4|Any CPU
		{B00BAA8C-C9D5-407D-A922-E6B829370C6C}.Debug|Any CPU.ActiveCfg = Debug|Any CPU
		{B00BAA8C-C9D5-407D-A922-E6B829370C6C}.Debug|Any CPU.Build.0 = Debug|Any CPU
		{B00BAA8C-C9D5-407D-A922-E6B829370C6C}.Release.4|Any CPU.ActiveCfg = Release.4|Any CPU
		{B00BAA8C-C9D5-407D-A922-E6B829370C6C}.Release.4|Any CPU.Build.0 = Release.4|Any CPU
		{B00BAA8C-C9D5-407D-A922-E6B829370C6C}.Release|Any CPU.ActiveCfg = Release|Any CPU
		{B00BAA8C-C9D5-407D-A922-E6B829370C6C}.Release|Any CPU.Build.0 = Release|Any CPU
		{1C2FD072-61D1-442F-93DA-E10541644C14}.Debug.4|Any CPU.ActiveCfg = Debug.4|Any CPU
		{1C2FD072-61D1-442F-93DA-E10541644C14}.Debug.4|Any CPU.Build.0 = Debug.4|Any CPU
		{1C2FD072-61D1-442F-93DA-E10541644C14}.Debug|Any CPU.ActiveCfg = Debug|Any CPU
		{1C2FD072-61D1-442F-93DA-E10541644C14}.Debug|Any CPU.Build.0 = Debug|Any CPU
		{1C2FD072-61D1-442F-93DA-E10541644C14}.Release.4|Any CPU.ActiveCfg = Release.4|Any CPU
		{1C2FD072-61D1-442F-93DA-E10541644C14}.Release.4|Any CPU.Build.0 = Release.4|Any CPU
		{1C2FD072-61D1-442F-93DA-E10541644C14}.Release|Any CPU.ActiveCfg = Release|Any CPU
		{1C2FD072-61D1-442F-93DA-E10541644C14}.Release|Any CPU.Build.0 = Release|Any CPU
		{243F0762-77B9-467A-AF4F-09375CE3E134}.Debug.4|Any CPU.ActiveCfg = Debug.4|Any CPU
		{243F0762-77B9-467A-AF4F-09375CE3E134}.Debug.4|Any CPU.Build.0 = Debug.4|Any CPU
		{243F0762-77B9-467A-AF4F-09375CE3E134}.Debug|Any CPU.ActiveCfg = Debug|Any CPU
		{243F0762-77B9-467A-AF4F-09375CE3E134}.Debug|Any CPU.Build.0 = Debug|Any CPU
		{243F0762-77B9-467A-AF4F-09375CE3E134}.Release.4|Any CPU.ActiveCfg = Release.4|Any CPU
		{243F0762-77B9-467A-AF4F-09375CE3E134}.Release.4|Any CPU.Build.0 = Release.4|Any CPU
		{243F0762-77B9-467A-AF4F-09375CE3E134}.Release|Any CPU.ActiveCfg = Release|Any CPU
		{243F0762-77B9-467A-AF4F-09375CE3E134}.Release|Any CPU.Build.0 = Release|Any CPU
		{280147F3-912D-4D1E-9020-62859B3613DE}.Debug.4|Any CPU.ActiveCfg = Debug.4|Any CPU
		{280147F3-912D-4D1E-9020-62859B3613DE}.Debug.4|Any CPU.Build.0 = Debug.4|Any CPU
		{280147F3-912D-4D1E-9020-62859B3613DE}.Debug|Any CPU.ActiveCfg = Debug.4|Any CPU
		{280147F3-912D-4D1E-9020-62859B3613DE}.Release.4|Any CPU.ActiveCfg = Release.4|Any CPU
		{280147F3-912D-4D1E-9020-62859B3613DE}.Release.4|Any CPU.Build.0 = Release.4|Any CPU
		{280147F3-912D-4D1E-9020-62859B3613DE}.Release|Any CPU.ActiveCfg = Release.4|Any CPU
		{1C2FD072-61D1-442F-93DA-E10541644C15}.Debug.4|Any CPU.ActiveCfg = Debug.4|Any CPU
		{1C2FD072-61D1-442F-93DA-E10541644C15}.Debug.4|Any CPU.Build.0 = Debug.4|Any CPU
		{1C2FD072-61D1-442F-93DA-E10541644C15}.Debug|Any CPU.ActiveCfg = Debug.4|Any CPU
		{1C2FD072-61D1-442F-93DA-E10541644C15}.Release.4|Any CPU.ActiveCfg = Release.4|Any CPU
		{1C2FD072-61D1-442F-93DA-E10541644C15}.Release.4|Any CPU.Build.0 = Release.4|Any CPU
		{1C2FD072-61D1-442F-93DA-E10541644C15}.Release|Any CPU.ActiveCfg = Release.4|Any CPU
		{243F0762-77B9-467A-AF4F-09375CE3E136}.Debug.4|Any CPU.ActiveCfg = Debug.4|Any CPU
		{243F0762-77B9-467A-AF4F-09375CE3E136}.Debug.4|Any CPU.Build.0 = Debug.4|Any CPU
		{243F0762-77B9-467A-AF4F-09375CE3E136}.Debug|Any CPU.ActiveCfg = Debug.4|Any CPU
		{243F0762-77B9-467A-AF4F-09375CE3E136}.Release.4|Any CPU.ActiveCfg = Release.4|Any CPU
		{243F0762-77B9-467A-AF4F-09375CE3E136}.Release.4|Any CPU.Build.0 = Release.4|Any CPU
		{243F0762-77B9-467A-AF4F-09375CE3E136}.Release|Any CPU.ActiveCfg = Release.4|Any CPU
		{5C3A5F4A-4665-4F15-96B5-ECBC4183E4DD}.Debug.4|Any CPU.ActiveCfg = Debug.4|Any CPU
		{5C3A5F4A-4665-4F15-96B5-ECBC4183E4DD}.Debug.4|Any CPU.Build.0 = Debug.4|Any CPU
		{5C3A5F4A-4665-4F15-96B5-ECBC4183E4DD}.Debug|Any CPU.ActiveCfg = Debug|Any CPU
		{5C3A5F4A-4665-4F15-96B5-ECBC4183E4DD}.Debug|Any CPU.Build.0 = Debug|Any CPU
		{5C3A5F4A-4665-4F15-96B5-ECBC4183E4DD}.Release.4|Any CPU.ActiveCfg = Release.4|Any CPU
		{5C3A5F4A-4665-4F15-96B5-ECBC4183E4DD}.Release.4|Any CPU.Build.0 = Release.4|Any CPU
		{5C3A5F4A-4665-4F15-96B5-ECBC4183E4DD}.Release|Any CPU.ActiveCfg = Release|Any CPU
		{5C3A5F4A-4665-4F15-96B5-ECBC4183E4DD}.Release|Any CPU.Build.0 = Release|Any CPU
		{16F78C09-8F78-482E-A546-A7F6D5FD5EA8}.Debug.4|Any CPU.ActiveCfg = Debug|Any CPU
		{16F78C09-8F78-482E-A546-A7F6D5FD5EA8}.Debug.4|Any CPU.Build.0 = Debug|Any CPU
		{16F78C09-8F78-482E-A546-A7F6D5FD5EA8}.Debug|Any CPU.ActiveCfg = Debug|Any CPU
		{16F78C09-8F78-482E-A546-A7F6D5FD5EA8}.Debug|Any CPU.Build.0 = Debug|Any CPU
		{16F78C09-8F78-482E-A546-A7F6D5FD5EA8}.Release.4|Any CPU.ActiveCfg = Release|Any CPU
		{16F78C09-8F78-482E-A546-A7F6D5FD5EA8}.Release.4|Any CPU.Build.0 = Release|Any CPU
		{16F78C09-8F78-482E-A546-A7F6D5FD5EA8}.Release|Any CPU.ActiveCfg = Release|Any CPU
		{16F78C09-8F78-482E-A546-A7F6D5FD5EA8}.Release|Any CPU.Build.0 = Release|Any CPU
	EndGlobalSection
	GlobalSection(SolutionProperties) = preSolution
		HideSolutionNode = FALSE
	EndGlobalSection
	GlobalSection(NestedProjects) = preSolution
		{59BA917B-1FB1-4460-9A05-63E2D48ADBC0} = {0699F17A-4FFB-4A25-A6CD-D8EF941E9F0B}
		{7A0AC57E-1634-4E9E-B06B-670C3AA953ED} = {A2518CF9-C60B-4CEC-B437-35A4778A2F97}
		{1C2FD072-61D1-442F-93DA-E10541644C14} = {A2518CF9-C60B-4CEC-B437-35A4778A2F97}
		{1C2FD072-61D1-442F-93DA-E10541644C15} = {A2518CF9-C60B-4CEC-B437-35A4778A2F97}
		{B1A52179-60BB-433C-B484-CC5ABF3FF8F0} = {1B3CA06D-4731-46D6-87BF-9ABBC6531D7A}
		{243F0762-77B9-467A-AF4F-09375CE3E134} = {1B3CA06D-4731-46D6-87BF-9ABBC6531D7A}
		{243F0762-77B9-467A-AF4F-09375CE3E136} = {1B3CA06D-4731-46D6-87BF-9ABBC6531D7A}
	EndGlobalSection
EndGlobal
